
Microsoft Visual Studio Solution File, Format Version 12.00
# Visual Studio Version 16
VisualStudioVersion = 16.0.31515.178
MinimumVisualStudioVersion = 10.0.40219.1
Project("{8BC9CEB8-8B4A-11D0-8D11-00A0C91BC942}") = "Pat1095", "Pat1095\Pat1095.vcxproj", "{D105A1FA-85A1-42F6-B95A-336DBBB23389}"
EndProject
Global
	GlobalSection(SolutionConfigurationPlatforms) = preSolution
		Debug|x64 = Debug|x64
		Debug|x86 = Debug|x86
		Release|x64 = Release|x64
		Release|x86 = Release|x86
	EndGlobalSection
	GlobalSection(ProjectConfigurationPlatforms) = postSolution
		{D105A1FA-85A1-42F6-B95A-336DBBB23389}.Debug|x64.ActiveCfg = Debug|x64
		{D105A1FA-85A1-42F6-B95A-336DBBB23389}.Debug|x64.Build.0 = Debug|x64
		{D105A1FA-85A1-42F6-B95A-336DBBB23389}.Debug|x86.ActiveCfg = Debug|Win32
		{D105A1FA-85A1-42F6-B95A-336DBBB23389}.Debug|x86.Build.0 = Debug|Win32
		{D105A1FA-85A1-42F6-B95A-336DBBB23389}.Release|x64.ActiveCfg = Release|x64
		{D105A1FA-85A1-42F6-B95A-336DBBB23389}.Release|x64.Build.0 = Release|x64
		{D105A1FA-85A1-42F6-B95A-336DBBB23389}.Release|x86.ActiveCfg = Release|Win32
		{D105A1FA-85A1-42F6-B95A-336DBBB23389}.Release|x86.Build.0 = Release|Win32
	EndGlobalSection
	GlobalSection(SolutionProperties) = preSolution
		HideSolutionNode = FALSE
	EndGlobalSection
	GlobalSection(ExtensibilityGlobals) = postSolution
		SolutionGuid = {76E06C47-28A0-476E-A4FF-6C82B7FAFB6C}
	EndGlobalSection
EndGlobal
