
Microsoft Visual Studio Solution File, Format Version 12.00
# Visual Studio Version 16
VisualStudioVersion = 16.0.31515.178
MinimumVisualStudioVersion = 10.0.40219.1
Project("{8BC9CEB8-8B4A-11D0-8D11-00A0C91BC942}") = "Pat1025", "Pat1025\Pat1025.vcxproj", "{5BF9B8CF-11E3-4166-8576-3AD31189467C}"
EndProject
Global
	GlobalSection(SolutionConfigurationPlatforms) = preSolution
		Debug|x64 = Debug|x64
		Debug|x86 = Debug|x86
		Release|x64 = Release|x64
		Release|x86 = Release|x86
	EndGlobalSection
	GlobalSection(ProjectConfigurationPlatforms) = postSolution
		{5BF9B8CF-11E3-4166-8576-3AD31189467C}.Debug|x64.ActiveCfg = Debug|x64
		{5BF9B8CF-11E3-4166-8576-3AD31189467C}.Debug|x64.Build.0 = Debug|x64
		{5BF9B8CF-11E3-4166-8576-3AD31189467C}.Debug|x86.ActiveCfg = Debug|Win32
		{5BF9B8CF-11E3-4166-8576-3AD31189467C}.Debug|x86.Build.0 = Debug|Win32
		{5BF9B8CF-11E3-4166-8576-3AD31189467C}.Release|x64.ActiveCfg = Release|x64
		{5BF9B8CF-11E3-4166-8576-3AD31189467C}.Release|x64.Build.0 = Release|x64
		{5BF9B8CF-11E3-4166-8576-3AD31189467C}.Release|x86.ActiveCfg = Release|Win32
		{5BF9B8CF-11E3-4166-8576-3AD31189467C}.Release|x86.Build.0 = Release|Win32
	EndGlobalSection
	GlobalSection(SolutionProperties) = preSolution
		HideSolutionNode = FALSE
	EndGlobalSection
	GlobalSection(ExtensibilityGlobals) = postSolution
		SolutionGuid = {390DF674-99E6-49AC-B652-B25363DEACDC}
	EndGlobalSection
EndGlobal
