
Microsoft Visual Studio Solution File, Format Version 12.00
# Visual Studio Version 16
VisualStudioVersion = 16.0.31515.178
MinimumVisualStudioVersion = 10.0.40219.1
Project("{8BC9CEB8-8B4A-11D0-8D11-00A0C91BC942}") = "Pat1030", "Pat1030\Pat1030.vcxproj", "{22EFB769-20EB-488A-8A31-3A3E649DE38C}"
EndProject
Global
	GlobalSection(SolutionConfigurationPlatforms) = preSolution
		Debug|x64 = Debug|x64
		Debug|x86 = Debug|x86
		Release|x64 = Release|x64
		Release|x86 = Release|x86
	EndGlobalSection
	GlobalSection(ProjectConfigurationPlatforms) = postSolution
		{22EFB769-20EB-488A-8A31-3A3E649DE38C}.Debug|x64.ActiveCfg = Debug|x64
		{22EFB769-20EB-488A-8A31-3A3E649DE38C}.Debug|x64.Build.0 = Debug|x64
		{22EFB769-20EB-488A-8A31-3A3E649DE38C}.Debug|x86.ActiveCfg = Debug|Win32
		{22EFB769-20EB-488A-8A31-3A3E649DE38C}.Debug|x86.Build.0 = Debug|Win32
		{22EFB769-20EB-488A-8A31-3A3E649DE38C}.Release|x64.ActiveCfg = Release|x64
		{22EFB769-20EB-488A-8A31-3A3E649DE38C}.Release|x64.Build.0 = Release|x64
		{22EFB769-20EB-488A-8A31-3A3E649DE38C}.Release|x86.ActiveCfg = Release|Win32
		{22EFB769-20EB-488A-8A31-3A3E649DE38C}.Release|x86.Build.0 = Release|Win32
	EndGlobalSection
	GlobalSection(SolutionProperties) = preSolution
		HideSolutionNode = FALSE
	EndGlobalSection
	GlobalSection(ExtensibilityGlobals) = postSolution
		SolutionGuid = {04237648-2C5A-4036-B761-E5F6A6E31C2F}
	EndGlobalSection
EndGlobal
