
Microsoft Visual Studio Solution File, Format Version 12.00
# Visual Studio Version 16
VisualStudioVersion = 16.0.31515.178
MinimumVisualStudioVersion = 10.0.40219.1
Project("{8BC9CEB8-8B4A-11D0-8D11-00A0C91BC942}") = "Pat1094", "Pat1094\Pat1094.vcxproj", "{B1ACE777-466C-4F32-B3F1-A23B04158342}"
EndProject
Global
	GlobalSection(SolutionConfigurationPlatforms) = preSolution
		Debug|x64 = Debug|x64
		Debug|x86 = Debug|x86
		Release|x64 = Release|x64
		Release|x86 = Release|x86
	EndGlobalSection
	GlobalSection(ProjectConfigurationPlatforms) = postSolution
		{B1ACE777-466C-4F32-B3F1-A23B04158342}.Debug|x64.ActiveCfg = Debug|x64
		{B1ACE777-466C-4F32-B3F1-A23B04158342}.Debug|x64.Build.0 = Debug|x64
		{B1ACE777-466C-4F32-B3F1-A23B04158342}.Debug|x86.ActiveCfg = Debug|Win32
		{B1ACE777-466C-4F32-B3F1-A23B04158342}.Debug|x86.Build.0 = Debug|Win32
		{B1ACE777-466C-4F32-B3F1-A23B04158342}.Release|x64.ActiveCfg = Release|x64
		{B1ACE777-466C-4F32-B3F1-A23B04158342}.Release|x64.Build.0 = Release|x64
		{B1ACE777-466C-4F32-B3F1-A23B04158342}.Release|x86.ActiveCfg = Release|Win32
		{B1ACE777-466C-4F32-B3F1-A23B04158342}.Release|x86.Build.0 = Release|Win32
	EndGlobalSection
	GlobalSection(SolutionProperties) = preSolution
		HideSolutionNode = FALSE
	EndGlobalSection
	GlobalSection(ExtensibilityGlobals) = postSolution
		SolutionGuid = {FACF5011-3485-4B3E-8E6D-B41F1BD91782}
	EndGlobalSection
EndGlobal
