
Microsoft Visual Studio Solution File, Format Version 12.00
# Visual Studio Version 16
VisualStudioVersion = 16.0.31515.178
MinimumVisualStudioVersion = 10.0.40219.1
Project("{8BC9CEB8-8B4A-11D0-8D11-00A0C91BC942}") = "Pat1062", "Pat1062\Pat1062.vcxproj", "{A62B8CE3-7BE2-4411-9B07-CC0E88A0BF91}"
EndProject
Global
	GlobalSection(SolutionConfigurationPlatforms) = preSolution
		Debug|x64 = Debug|x64
		Debug|x86 = Debug|x86
		Release|x64 = Release|x64
		Release|x86 = Release|x86
	EndGlobalSection
	GlobalSection(ProjectConfigurationPlatforms) = postSolution
		{A62B8CE3-7BE2-4411-9B07-CC0E88A0BF91}.Debug|x64.ActiveCfg = Debug|x64
		{A62B8CE3-7BE2-4411-9B07-CC0E88A0BF91}.Debug|x64.Build.0 = Debug|x64
		{A62B8CE3-7BE2-4411-9B07-CC0E88A0BF91}.Debug|x86.ActiveCfg = Debug|Win32
		{A62B8CE3-7BE2-4411-9B07-CC0E88A0BF91}.Debug|x86.Build.0 = Debug|Win32
		{A62B8CE3-7BE2-4411-9B07-CC0E88A0BF91}.Release|x64.ActiveCfg = Release|x64
		{A62B8CE3-7BE2-4411-9B07-CC0E88A0BF91}.Release|x64.Build.0 = Release|x64
		{A62B8CE3-7BE2-4411-9B07-CC0E88A0BF91}.Release|x86.ActiveCfg = Release|Win32
		{A62B8CE3-7BE2-4411-9B07-CC0E88A0BF91}.Release|x86.Build.0 = Release|Win32
	EndGlobalSection
	GlobalSection(SolutionProperties) = preSolution
		HideSolutionNode = FALSE
	EndGlobalSection
	GlobalSection(ExtensibilityGlobals) = postSolution
		SolutionGuid = {BA86690A-8E1D-4B16-A73A-E5C4513AF3DC}
	EndGlobalSection
EndGlobal
