
Microsoft Visual Studio Solution File, Format Version 12.00
# Visual Studio Version 16
VisualStudioVersion = 16.0.31515.178
MinimumVisualStudioVersion = 10.0.40219.1
Project("{8BC9CEB8-8B4A-11D0-8D11-00A0C91BC942}") = "Pat1052", "Pat1052\Pat1052.vcxproj", "{95CD4967-C2AF-4CA3-9D3C-01861C8FDBBF}"
EndProject
Global
	GlobalSection(SolutionConfigurationPlatforms) = preSolution
		Debug|x64 = Debug|x64
		Debug|x86 = Debug|x86
		Release|x64 = Release|x64
		Release|x86 = Release|x86
	EndGlobalSection
	GlobalSection(ProjectConfigurationPlatforms) = postSolution
		{95CD4967-C2AF-4CA3-9D3C-01861C8FDBBF}.Debug|x64.ActiveCfg = Debug|x64
		{95CD4967-C2AF-4CA3-9D3C-01861C8FDBBF}.Debug|x64.Build.0 = Debug|x64
		{95CD4967-C2AF-4CA3-9D3C-01861C8FDBBF}.Debug|x86.ActiveCfg = Debug|Win32
		{95CD4967-C2AF-4CA3-9D3C-01861C8FDBBF}.Debug|x86.Build.0 = Debug|Win32
		{95CD4967-C2AF-4CA3-9D3C-01861C8FDBBF}.Release|x64.ActiveCfg = Release|x64
		{95CD4967-C2AF-4CA3-9D3C-01861C8FDBBF}.Release|x64.Build.0 = Release|x64
		{95CD4967-C2AF-4CA3-9D3C-01861C8FDBBF}.Release|x86.ActiveCfg = Release|Win32
		{95CD4967-C2AF-4CA3-9D3C-01861C8FDBBF}.Release|x86.Build.0 = Release|Win32
	EndGlobalSection
	GlobalSection(SolutionProperties) = preSolution
		HideSolutionNode = FALSE
	EndGlobalSection
	GlobalSection(ExtensibilityGlobals) = postSolution
		SolutionGuid = {29981E44-D6CF-4DE7-BCFC-94084299BD26}
	EndGlobalSection
EndGlobal
